
Microsoft Visual Studio Solution File, Format Version 12.00
# Visual Studio Version 17
VisualStudioVersion = 17.9.34728.123
MinimumVisualStudioVersion = 10.0.40219.1
Project("{9A19103F-16F7-4668-BE54-9A1E7A4F7556}") = "TiposDeDados1", "TiposDeDados1\TiposDeDados1.csproj", "{9260DA41-ECCC-49D1-97C0-7A899E4F03C3}"
EndProject
Project("{9A19103F-16F7-4668-BE54-9A1E7A4F7556}") = "TiposDeDados2", "TipoDeDados2\TiposDeDados2.csproj", "{E864609E-3E27-465A-BE9A-C2AFF7629A05}"
EndProject
Project("{9A19103F-16F7-4668-BE54-9A1E7A4F7556}") = "TiposDeDados3", "TiposDeDados3\TiposDeDados3.csproj", "{8524A0D8-97DE-4545-8ABA-8E184BE55B21}"
EndProject
Project("{9A19103F-16F7-4668-BE54-9A1E7A4F7556}") = "TiposDeDados4", "TipoDeDados4\TiposDeDados4.csproj", "{55EEEE79-FE02-4DCD-9333-90F5E63225E8}"
EndProject
Project("{9A19103F-16F7-4668-BE54-9A1E7A4F7556}") = "TipoDateTime1", "TipoDateTime1\TipoDateTime1.csproj", "{A96898D4-5E2C-4C3E-B329-9EC191441455}"
EndProject
Project("{9A19103F-16F7-4668-BE54-9A1E7A4F7556}") = "NullableTypes1", "NullableTypes1\NullableTypes1.csproj", "{8D7899FC-6BCD-45BF-8822-85F875CF6343}"
EndProject
Project("{9A19103F-16F7-4668-BE54-9A1E7A4F7556}") = "Identificadores", "Identificadores\Identificadores.csproj", "{13A36F4F-FD8C-45DA-A442-A7009A30F001}"
EndProject
Project("{FAE04EC0-301F-11D3-BF4B-00C04F79EFBC}") = "ExerciciosFase1", "ExerciciosFase1\ExerciciosFase1.csproj", "{E443B9C9-94D8-4A1D-8ED0-71C958645CBB}"
EndProject
Project("{FAE04EC0-301F-11D3-BF4B-00C04F79EFBC}") = "SaidaDados", "SaidaDados\SaidaDados.csproj", "{8340F11F-6643-4F58-A1AA-3E3D994BBB24}"
EndProject
Project("{FAE04EC0-301F-11D3-BF4B-00C04F79EFBC}") = "SaidaDados2", "SaidaDados2\SaidaDados2.csproj", "{A0281A97-4628-4680-81B6-C81E70753495}"
EndProject
Project("{FAE04EC0-301F-11D3-BF4B-00C04F79EFBC}") = "ConversaoTipos", "ConversaoTipos\ConversaoTipos.csproj", "{FB902986-5275-4954-A6B7-547BA4F81B29}"
EndProject
Project("{FAE04EC0-301F-11D3-BF4B-00C04F79EFBC}") = "EntradaDeDados", "EntradaDeDados\EntradaDeDados.csproj", "{6B55CE16-FA9B-4A75-869B-18CD61BC3E55}"
EndProject
Project("{FAE04EC0-301F-11D3-BF4B-00C04F79EFBC}") = "OperadoresAritmeticos", "OperadoresAritmeticos\OperadoresAritmeticos.csproj", "{C1EC078E-61C8-4C15-B4D6-2BCCB1EF07BB}"
EndProject
Project("{FAE04EC0-301F-11D3-BF4B-00C04F79EFBC}") = "InferenciaTipos1", "InferenciaTipos1\InferenciaTipos1.csproj", "{FCBE3C46-6049-438A-BA19-47330149AE77}"
EndProject
Project("{FAE04EC0-301F-11D3-BF4B-00C04F79EFBC}") = "OperadoresAtribuicao1", "OperadoresAtribuicao1\OperadoresAtribuicao1.csproj", "{E8EA6D84-3D2D-4DA9-AA56-CE475C80EA3C}"
EndProject
Project("{FAE04EC0-301F-11D3-BF4B-00C04F79EFBC}") = "Contantes1", "Contantes1\Contantes1.csproj", "{A516B6B3-173C-480A-8733-D6E4DE5E6BF0}"
EndProject
Project("{FAE04EC0-301F-11D3-BF4B-00C04F79EFBC}") = "OperadoresIncrementoDecremento1", "OperadoresIncrementoDecremento1\OperadoresIncrementoDecremento1.csproj", "{6DD80F59-D3E1-4F0A-9D66-6F1969BEC1C2}"
EndProject
Global
	GlobalSection(SolutionConfigurationPlatforms) = preSolution
		Debug|Any CPU = Debug|Any CPU
		Release|Any CPU = Release|Any CPU
	EndGlobalSection
	GlobalSection(ProjectConfigurationPlatforms) = postSolution
		{9260DA41-ECCC-49D1-97C0-7A899E4F03C3}.Debug|Any CPU.ActiveCfg = Debug|Any CPU
		{9260DA41-ECCC-49D1-97C0-7A899E4F03C3}.Debug|Any CPU.Build.0 = Debug|Any CPU
		{9260DA41-ECCC-49D1-97C0-7A899E4F03C3}.Release|Any CPU.ActiveCfg = Release|Any CPU
		{9260DA41-ECCC-49D1-97C0-7A899E4F03C3}.Release|Any CPU.Build.0 = Release|Any CPU
		{E864609E-3E27-465A-BE9A-C2AFF7629A05}.Debug|Any CPU.ActiveCfg = Debug|Any CPU
		{E864609E-3E27-465A-BE9A-C2AFF7629A05}.Debug|Any CPU.Build.0 = Debug|Any CPU
		{E864609E-3E27-465A-BE9A-C2AFF7629A05}.Release|Any CPU.ActiveCfg = Release|Any CPU
		{E864609E-3E27-465A-BE9A-C2AFF7629A05}.Release|Any CPU.Build.0 = Release|Any CPU
		{8524A0D8-97DE-4545-8ABA-8E184BE55B21}.Debug|Any CPU.ActiveCfg = Debug|Any CPU
		{8524A0D8-97DE-4545-8ABA-8E184BE55B21}.Debug|Any CPU.Build.0 = Debug|Any CPU
		{8524A0D8-97DE-4545-8ABA-8E184BE55B21}.Release|Any CPU.ActiveCfg = Release|Any CPU
		{8524A0D8-97DE-4545-8ABA-8E184BE55B21}.Release|Any CPU.Build.0 = Release|Any CPU
		{55EEEE79-FE02-4DCD-9333-90F5E63225E8}.Debug|Any CPU.ActiveCfg = Debug|Any CPU
		{55EEEE79-FE02-4DCD-9333-90F5E63225E8}.Debug|Any CPU.Build.0 = Debug|Any CPU
		{55EEEE79-FE02-4DCD-9333-90F5E63225E8}.Release|Any CPU.ActiveCfg = Release|Any CPU
		{55EEEE79-FE02-4DCD-9333-90F5E63225E8}.Release|Any CPU.Build.0 = Release|Any CPU
		{A96898D4-5E2C-4C3E-B329-9EC191441455}.Debug|Any CPU.ActiveCfg = Debug|Any CPU
		{A96898D4-5E2C-4C3E-B329-9EC191441455}.Debug|Any CPU.Build.0 = Debug|Any CPU
		{A96898D4-5E2C-4C3E-B329-9EC191441455}.Release|Any CPU.ActiveCfg = Release|Any CPU
		{A96898D4-5E2C-4C3E-B329-9EC191441455}.Release|Any CPU.Build.0 = Release|Any CPU
		{8D7899FC-6BCD-45BF-8822-85F875CF6343}.Debug|Any CPU.ActiveCfg = Debug|Any CPU
		{8D7899FC-6BCD-45BF-8822-85F875CF6343}.Debug|Any CPU.Build.0 = Debug|Any CPU
		{8D7899FC-6BCD-45BF-8822-85F875CF6343}.Release|Any CPU.ActiveCfg = Release|Any CPU
		{8D7899FC-6BCD-45BF-8822-85F875CF6343}.Release|Any CPU.Build.0 = Release|Any CPU
		{13A36F4F-FD8C-45DA-A442-A7009A30F001}.Debug|Any CPU.ActiveCfg = Debug|Any CPU
		{13A36F4F-FD8C-45DA-A442-A7009A30F001}.Debug|Any CPU.Build.0 = Debug|Any CPU
		{13A36F4F-FD8C-45DA-A442-A7009A30F001}.Release|Any CPU.ActiveCfg = Release|Any CPU
		{13A36F4F-FD8C-45DA-A442-A7009A30F001}.Release|Any CPU.Build.0 = Release|Any CPU
		{E443B9C9-94D8-4A1D-8ED0-71C958645CBB}.Debug|Any CPU.ActiveCfg = Debug|Any CPU
		{E443B9C9-94D8-4A1D-8ED0-71C958645CBB}.Debug|Any CPU.Build.0 = Debug|Any CPU
		{E443B9C9-94D8-4A1D-8ED0-71C958645CBB}.Release|Any CPU.ActiveCfg = Release|Any CPU
		{E443B9C9-94D8-4A1D-8ED0-71C958645CBB}.Release|Any CPU.Build.0 = Release|Any CPU
		{8340F11F-6643-4F58-A1AA-3E3D994BBB24}.Debug|Any CPU.ActiveCfg = Debug|Any CPU
		{8340F11F-6643-4F58-A1AA-3E3D994BBB24}.Debug|Any CPU.Build.0 = Debug|Any CPU
		{8340F11F-6643-4F58-A1AA-3E3D994BBB24}.Release|Any CPU.ActiveCfg = Release|Any CPU
		{8340F11F-6643-4F58-A1AA-3E3D994BBB24}.Release|Any CPU.Build.0 = Release|Any CPU
		{A0281A97-4628-4680-81B6-C81E70753495}.Debug|Any CPU.ActiveCfg = Debug|Any CPU
		{A0281A97-4628-4680-81B6-C81E70753495}.Debug|Any CPU.Build.0 = Debug|Any CPU
		{A0281A97-4628-4680-81B6-C81E70753495}.Release|Any CPU.ActiveCfg = Release|Any CPU
		{A0281A97-4628-4680-81B6-C81E70753495}.Release|Any CPU.Build.0 = Release|Any CPU
		{FB902986-5275-4954-A6B7-547BA4F81B29}.Debug|Any CPU.ActiveCfg = Debug|Any CPU
		{FB902986-5275-4954-A6B7-547BA4F81B29}.Debug|Any CPU.Build.0 = Debug|Any CPU
		{FB902986-5275-4954-A6B7-547BA4F81B29}.Release|Any CPU.ActiveCfg = Release|Any CPU
		{FB902986-5275-4954-A6B7-547BA4F81B29}.Release|Any CPU.Build.0 = Release|Any CPU
		{6B55CE16-FA9B-4A75-869B-18CD61BC3E55}.Debug|Any CPU.ActiveCfg = Debug|Any CPU
		{6B55CE16-FA9B-4A75-869B-18CD61BC3E55}.Debug|Any CPU.Build.0 = Debug|Any CPU
		{6B55CE16-FA9B-4A75-869B-18CD61BC3E55}.Release|Any CPU.ActiveCfg = Release|Any CPU
		{6B55CE16-FA9B-4A75-869B-18CD61BC3E55}.Release|Any CPU.Build.0 = Release|Any CPU
		{C1EC078E-61C8-4C15-B4D6-2BCCB1EF07BB}.Debug|Any CPU.ActiveCfg = Debug|Any CPU
		{C1EC078E-61C8-4C15-B4D6-2BCCB1EF07BB}.Debug|Any CPU.Build.0 = Debug|Any CPU
		{C1EC078E-61C8-4C15-B4D6-2BCCB1EF07BB}.Release|Any CPU.ActiveCfg = Release|Any CPU
		{C1EC078E-61C8-4C15-B4D6-2BCCB1EF07BB}.Release|Any CPU.Build.0 = Release|Any CPU
		{FCBE3C46-6049-438A-BA19-47330149AE77}.Debug|Any CPU.ActiveCfg = Debug|Any CPU
		{FCBE3C46-6049-438A-BA19-47330149AE77}.Debug|Any CPU.Build.0 = Debug|Any CPU
		{FCBE3C46-6049-438A-BA19-47330149AE77}.Release|Any CPU.ActiveCfg = Release|Any CPU
		{FCBE3C46-6049-438A-BA19-47330149AE77}.Release|Any CPU.Build.0 = Release|Any CPU
		{E8EA6D84-3D2D-4DA9-AA56-CE475C80EA3C}.Debug|Any CPU.ActiveCfg = Debug|Any CPU
		{E8EA6D84-3D2D-4DA9-AA56-CE475C80EA3C}.Debug|Any CPU.Build.0 = Debug|Any CPU
		{E8EA6D84-3D2D-4DA9-AA56-CE475C80EA3C}.Release|Any CPU.ActiveCfg = Release|Any CPU
		{E8EA6D84-3D2D-4DA9-AA56-CE475C80EA3C}.Release|Any CPU.Build.0 = Release|Any CPU
		{A516B6B3-173C-480A-8733-D6E4DE5E6BF0}.Debug|Any CPU.ActiveCfg = Debug|Any CPU
		{A516B6B3-173C-480A-8733-D6E4DE5E6BF0}.Debug|Any CPU.Build.0 = Debug|Any CPU
		{A516B6B3-173C-480A-8733-D6E4DE5E6BF0}.Release|Any CPU.ActiveCfg = Release|Any CPU
		{A516B6B3-173C-480A-8733-D6E4DE5E6BF0}.Release|Any CPU.Build.0 = Release|Any CPU
		{6DD80F59-D3E1-4F0A-9D66-6F1969BEC1C2}.Debug|Any CPU.ActiveCfg = Debug|Any CPU
		{6DD80F59-D3E1-4F0A-9D66-6F1969BEC1C2}.Debug|Any CPU.Build.0 = Debug|Any CPU
		{6DD80F59-D3E1-4F0A-9D66-6F1969BEC1C2}.Release|Any CPU.ActiveCfg = Release|Any CPU
		{6DD80F59-D3E1-4F0A-9D66-6F1969BEC1C2}.Release|Any CPU.Build.0 = Release|Any CPU
	EndGlobalSection
	GlobalSection(SolutionProperties) = preSolution
		HideSolutionNode = FALSE
	EndGlobalSection
	GlobalSection(ExtensibilityGlobals) = postSolution
		SolutionGuid = {FA674FF7-A6E2-460A-8950-C3D35590C648}
	EndGlobalSection
EndGlobal
